PODS:
  - Flutter (1.0.0)
  - flutter_secure_storage (6.0.0):
    - Flutter
  - FMDB/Core (2.7.12)
  - FMDB/SQLCipher (2.7.12):
    - FMDB/Core
    - SQLCipher (~> 4.6)
  - path_provider_foundation (0.0.1):
    - Flutter
    - FlutterMacOS
  - sqflite_sqlcipher (0.0.1):
    - Flutter
    - FMDB/SQLCipher (~> 2.7.5)
    - SQLCipher (= 4.10.0)
  - SQLCipher (4.10.0):
    - SQLCipher/standard (= 4.10.0)
  - SQLCipher/common (4.10.0)
  - SQLCipher/standard (4.10.0):
    - SQLCipher/common

DEPENDENCIES:
  - Flutter (from `Flutter`)
  - flutter_secure_storage (from `.symlinks/plugins/flutter_secure_storage/ios`)
  - path_provider_foundation (from `.symlinks/plugins/path_provider_foundation/darwin`)
  - sqflite_sqlcipher (from `.symlinks/plugins/sqflite_sqlcipher/ios`)

SPEC REPOS:
  trunk:
    - FMDB
    - SQLCipher

EXTERNAL SOURCES:
  Flutter:
    :path: Flutter
  flutter_secure_storage:
    :path: ".symlinks/plugins/flutter_secure_storage/ios"
  path_provider_foundation:
    :path: ".symlinks/plugins/path_provider_foundation/darwin"
  sqflite_sqlcipher:
    :path: ".symlinks/plugins/sqflite_sqlcipher/ios"

SPEC CHECKSUMS:
  Flutter: cabc95a1d2626b1b06e7179b784ebcf0c0cde467
  flutter_secure_storage: d33dac7ae2ea08509be337e775f6b59f1ff45f12
  FMDB: 728731dd336af3936ce00f91d9d8495f5718a0e6
  path_provider_foundation: 2b6b4c569c0fb62ec74538f866245ac84301af46
  sqflite_sqlcipher: 1c9c7ceb30cb65dab28712cb2110fdf39b37311c
  SQLCipher: eb79c64049cb002b4e9fcb30edb7979bf4706dfc

PODFILE CHECKSUM: 3c63482e143d1b91d2d2560aee9fb04ecc74ac7e

COCOAPODS: 1.16.2
